
Microsoft Visual Studio Solution File, Format Version 12.00
# Visual Studio 14
VisualStudioVersion = 14.0.24720.0
MinimumVisualStudioVersion = 10.0.40219.1
Project("{FAE04EC0-301F-11D3-BF4B-00C04F79EFBC}") = "MyHistory", "MyHistory\MyHistory.csproj", "{ED5623B9-3DCC-40FC-B4F4-4EEA3FE08207}"
EndProject
Global
	GlobalSection(SolutionConfigurationPlatforms) = preSolution
		VS2015_Debug|Any CPU = VS2015_Debug|Any CPU
		VS2015_Release|Any CPU = VS2015_Release|Any CPU
	EndGlobalSection
	GlobalSection(ProjectConfigurationPlatforms) = postSolution
		{ED5623B9-3DCC-40FC-B4F4-4EEA3FE08207}.VS2015_Debug|Any CPU.ActiveCfg = VS2015_Debug|Any CPU
		{ED5623B9-3DCC-40FC-B4F4-4EEA3FE08207}.VS2015_Debug|Any CPU.Build.0 = VS2015_Debug|Any CPU
		{ED5623B9-3DCC-40FC-B4F4-4EEA3FE08207}.VS2015_Release|Any CPU.ActiveCfg = VS2015_Release|Any CPU
		{ED5623B9-3DCC-40FC-B4F4-4EEA3FE08207}.VS2015_Release|Any CPU.Build.0 = VS2015_Release|Any CPU
	EndGlobalSection
	GlobalSection(SolutionProperties) = preSolution
		HideSolutionNode = FALSE
	EndGlobalSection
EndGlobal
